
Microsoft Visual Studio Solution File, Format Version 12.00
# Visual Studio 15
VisualStudioVersion = 15.0.27130.2027
MinimumVisualStudioVersion = 10.0.40219.1
Project("{FAE04EC0-301F-11D3-BF4B-00C04F79EFBC}") = "TestApp.Android", "TestApp\TestApp.Android\TestApp.Android.csproj", "{D881E4AB-D3C0-4991-91F8-174BA31089BB}"
EndProject
Project("{FAE04EC0-301F-11D3-BF4B-00C04F79EFBC}") = "TestApp.iOS", "TestApp\TestApp.iOS\TestApp.iOS.csproj", "{F06DBD2C-64AC-4C0E-95E5-93D5E4523673}"
EndProject
Project("{FAE04EC0-301F-11D3-BF4B-00C04F79EFBC}") = "TestApp.UWP", "TestApp\TestApp.UWP\TestApp.UWP.csproj", "{B7D6A819-BF4B-4AF1-9BB9-9B71C9B21B4B}"
EndProject
Project("{FAE04EC0-301F-11D3-BF4B-00C04F79EFBC}") = "TestApp", "TestApp\TestApp\TestApp.csproj", "{1ACC8627-C6F4-4B1D-955D-42080C7BE997}"
EndProject
Global
	GlobalSection(SolutionConfigurationPlatforms) = preSolution
		Ad-Hoc|Any CPU = Ad-Hoc|Any CPU
		Ad-Hoc|ARM = Ad-Hoc|ARM
		Ad-Hoc|iPhone = Ad-Hoc|iPhone
		Ad-Hoc|iPhoneSimulator = Ad-Hoc|iPhoneSimulator
		Ad-Hoc|x64 = Ad-Hoc|x64
		Ad-Hoc|x86 = Ad-Hoc|x86
		AppStore|Any CPU = AppStore|Any CPU
		AppStore|ARM = AppStore|ARM
		AppStore|iPhone = AppStore|iPhone
		AppStore|iPhoneSimulator = AppStore|iPhoneSimulator
		AppStore|x64 = AppStore|x64
		AppStore|x86 = AppStore|x86
		Debug|Any CPU = Debug|Any CPU
		Debug|ARM = Debug|ARM
		Debug|iPhone = Debug|iPhone
		Debug|iPhoneSimulator = Debug|iPhoneSimulator
		Debug|x64 = Debug|x64
		Debug|x86 = Debug|x86
		Release|Any CPU = Release|Any CPU
		Release|ARM = Release|ARM
		Release|iPhone = Release|iPhone
		Release|iPhoneSimulator = Release|iPhoneSimulator
		Release|x64 = Release|x64
		Release|x86 = Release|x86
	EndGlobalSection
	GlobalSection(ProjectConfigurationPlatforms) = postSolution
		{D881E4AB-D3C0-4991-91F8-174BA31089BB}.Ad-Hoc|Any CPU.ActiveCfg = Release|Any CPU
		{D881E4AB-D3C0-4991-91F8-174BA31089BB}.Ad-Hoc|Any CPU.Build.0 = Release|Any CPU
		{D881E4AB-D3C0-4991-91F8-174BA31089BB}.Ad-Hoc|Any CPU.Deploy.0 = Release|Any CPU
		{D881E4AB-D3C0-4991-91F8-174BA31089BB}.Ad-Hoc|ARM.ActiveCfg = Release|Any CPU
		{D881E4AB-D3C0-4991-91F8-174BA31089BB}.Ad-Hoc|ARM.Build.0 = Release|Any CPU
		{D881E4AB-D3C0-4991-91F8-174BA31089BB}.Ad-Hoc|ARM.Deploy.0 = Release|Any CPU
		{D881E4AB-D3C0-4991-91F8-174BA31089BB}.Ad-Hoc|iPhone.ActiveCfg = Release|Any CPU
		{D881E4AB-D3C0-4991-91F8-174BA31089BB}.Ad-Hoc|iPhone.Build.0 = Release|Any CPU
		{D881E4AB-D3C0-4991-91F8-174BA31089BB}.Ad-Hoc|iPhone.Deploy.0 = Release|Any CPU
		{D881E4AB-D3C0-4991-91F8-174BA31089BB}.Ad-Hoc|iPhoneSimulator.ActiveCfg = Release|Any CPU
		{D881E4AB-D3C0-4991-91F8-174BA31089BB}.Ad-Hoc|iPhoneSimulator.Build.0 = Release|Any CPU
		{D881E4AB-D3C0-4991-91F8-174BA31089BB}.Ad-Hoc|iPhoneSimulator.Deploy.0 = Release|Any CPU
		{D881E4AB-D3C0-4991-91F8-174BA31089BB}.Ad-Hoc|x64.ActiveCfg = Release|Any CPU
		{D881E4AB-D3C0-4991-91F8-174BA31089BB}.Ad-Hoc|x64.Build.0 = Release|Any CPU
		{D881E4AB-D3C0-4991-91F8-174BA31089BB}.Ad-Hoc|x64.Deploy.0 = Release|Any CPU
		{D881E4AB-D3C0-4991-91F8-174BA31089BB}.Ad-Hoc|x86.ActiveCfg = Release|Any CPU
		{D881E4AB-D3C0-4991-91F8-174BA31089BB}.Ad-Hoc|x86.Build.0 = Release|Any CPU
		{D881E4AB-D3C0-4991-91F8-174BA31089BB}.Ad-Hoc|x86.Deploy.0 = Release|Any CPU
		{D881E4AB-D3C0-4991-91F8-174BA31089BB}.AppStore|Any CPU.ActiveCfg = Release|Any CPU
		{D881E4AB-D3C0-4991-91F8-174BA31089BB}.AppStore|Any CPU.Build.0 = Release|Any CPU
		{D881E4AB-D3C0-4991-91F8-174BA31089BB}.AppStore|Any CPU.Deploy.0 = Release|Any CPU
		{D881E4AB-D3C0-4991-91F8-174BA31089BB}.AppStore|ARM.ActiveCfg = Release|Any CPU
		{D881E4AB-D3C0-4991-91F8-174BA31089BB}.AppStore|ARM.Build.0 = Release|Any CPU
		{D881E4AB-D3C0-4991-91F8-174BA31089BB}.AppStore|ARM.Deploy.0 = Release|Any CPU
		{D881E4AB-D3C0-4991-91F8-174BA31089BB}.AppStore|iPhone.ActiveCfg = Release|Any CPU
		{D881E4AB-D3C0-4991-91F8-174BA31089BB}.AppStore|iPhone.Build.0 = Release|Any CPU
		{D881E4AB-D3C0-4991-91F8-174BA31089BB}.AppStore|iPhone.Deploy.0 = Release|Any CPU
		{D881E4AB-D3C0-4991-91F8-174BA31089BB}.AppStore|iPhoneSimulator.ActiveCfg = Release|Any CPU
		{D881E4AB-D3C0-4991-91F8-174BA31089BB}.AppStore|iPhoneSimulator.Build.0 = Release|Any CPU
		{D881E4AB-D3C0-4991-91F8-174BA31089BB}.AppStore|iPhoneSimulator.Deploy.0 = Release|Any CPU
		{D881E4AB-D3C0-4991-91F8-174BA31089BB}.AppStore|x64.ActiveCfg = Release|Any CPU
		{D881E4AB-D3C0-4991-91F8-174BA31089BB}.AppStore|x64.Build.0 = Release|Any CPU
		{D881E4AB-D3C0-4991-91F8-174BA31089BB}.AppStore|x64.Deploy.0 = Release|Any CPU
		{D881E4AB-D3C0-4991-91F8-174BA31089BB}.AppStore|x86.ActiveCfg = Release|Any CPU
		{D881E4AB-D3C0-4991-91F8-174BA31089BB}.AppStore|x86.Build.0 = Release|Any CPU
		{D881E4AB-D3C0-4991-91F8-174BA31089BB}.AppStore|x86.Deploy.0 = Release|Any CPU
		{D881E4AB-D3C0-4991-91F8-174BA31089BB}.Debug|Any CPU.ActiveCfg = Debug|Any CPU
		{D881E4AB-D3C0-4991-91F8-174BA31089BB}.Debug|Any CPU.Build.0 = Debug|Any CPU
		{D881E4AB-D3C0-4991-91F8-174BA31089BB}.Debug|Any CPU.Deploy.0 = Debug|Any CPU
		{D881E4AB-D3C0-4991-91F8-174BA31089BB}.Debug|ARM.ActiveCfg = Debug|Any CPU
		{D881E4AB-D3C0-4991-91F8-174BA31089BB}.Debug|ARM.Build.0 = Debug|Any CPU
		{D881E4AB-D3C0-4991-91F8-174BA31089BB}.Debug|ARM.Deploy.0 = Debug|Any CPU
		{D881E4AB-D3C0-4991-91F8-174BA31089BB}.Debug|iPhone.ActiveCfg = Debug|Any CPU
		{D881E4AB-D3C0-4991-91F8-174BA31089BB}.Debug|iPhone.Build.0 = Debug|Any CPU
		{D881E4AB-D3C0-4991-91F8-174BA31089BB}.Debug|iPhone.Deploy.0 = Debug|Any CPU
		{D881E4AB-D3C0-4991-91F8-174BA31089BB}.Debug|iPhoneSimulator.ActiveCfg = Debug|Any CPU
		{D881E4AB-D3C0-4991-91F8-174BA31089BB}.Debug|iPhoneSimulator.Build.0 = Debug|Any CPU
		{D881E4AB-D3C0-4991-91F8-174BA31089BB}.Debug|iPhoneSimulator.Deploy.0 = Debug|Any CPU
		{D881E4AB-D3C0-4991-91F8-174BA31089BB}.Debug|x64.ActiveCfg = Debug|Any CPU
		{D881E4AB-D3C0-4991-91F8-174BA31089BB}.Debug|x64.Build.0 = Debug|Any CPU
		{D881E4AB-D3C0-4991-91F8-174BA31089BB}.Debug|x64.Deploy.0 = Debug|Any CPU
		{D881E4AB-D3C0-4991-91F8-174BA31089BB}.Debug|x86.ActiveCfg = Debug|Any CPU
		{D881E4AB-D3C0-4991-91F8-174BA31089BB}.Debug|x86.Build.0 = Debug|Any CPU
		{D881E4AB-D3C0-4991-91F8-174BA31089BB}.Debug|x86.Deploy.0 = Debug|Any CPU
		{D881E4AB-D3C0-4991-91F8-174BA31089BB}.Release|Any CPU.ActiveCfg = Release|Any CPU
		{D881E4AB-D3C0-4991-91F8-174BA31089BB}.Release|Any CPU.Build.0 = Release|Any CPU
		{D881E4AB-D3C0-4991-91F8-174BA31089BB}.Release|Any CPU.Deploy.0 = Release|Any CPU
		{D881E4AB-D3C0-4991-91F8-174BA31089BB}.Release|ARM.ActiveCfg = Release|Any CPU
		{D881E4AB-D3C0-4991-91F8-174BA31089BB}.Release|ARM.Build.0 = Release|Any CPU
		{D881E4AB-D3C0-4991-91F8-174BA31089BB}.Release|ARM.Deploy.0 = Release|Any CPU
		{D881E4AB-D3C0-4991-91F8-174BA31089BB}.Release|iPhone.ActiveCfg = Release|Any CPU
		{D881E4AB-D3C0-4991-91F8-174BA31089BB}.Release|iPhone.Build.0 = Release|Any CPU
		{D881E4AB-D3C0-4991-91F8-174BA31089BB}.Release|iPhone.Deploy.0 = Release|Any CPU
		{D881E4AB-D3C0-4991-91F8-174BA31089BB}.Release|iPhoneSimulator.ActiveCfg = Release|Any CPU
		{D881E4AB-D3C0-4991-91F8-174BA31089BB}.Release|iPhoneSimulator.Build.0 = Release|Any CPU
		{D881E4AB-D3C0-4991-91F8-174BA31089BB}.Release|iPhoneSimulator.Deploy.0 = Release|Any CPU
		{D881E4AB-D3C0-4991-91F8-174BA31089BB}.Release|x64.ActiveCfg = Release|Any CPU
		{D881E4AB-D3C0-4991-91F8-174BA31089BB}.Release|x64.Build.0 = Release|Any CPU
		{D881E4AB-D3C0-4991-91F8-174BA31089BB}.Release|x64.Deploy.0 = Release|Any CPU
		{D881E4AB-D3C0-4991-91F8-174BA31089BB}.Release|x86.ActiveCfg = Release|Any CPU
		{D881E4AB-D3C0-4991-91F8-174BA31089BB}.Release|x86.Build.0 = Release|Any CPU
		{D881E4AB-D3C0-4991-91F8-174BA31089BB}.Release|x86.Deploy.0 = Release|Any CPU
		{F06DBD2C-64AC-4C0E-95E5-93D5E4523673}.Ad-Hoc|Any CPU.ActiveCfg = Ad-Hoc|iPhone
		{F06DBD2C-64AC-4C0E-95E5-93D5E4523673}.Ad-Hoc|ARM.ActiveCfg = Ad-Hoc|iPhone
		{F06DBD2C-64AC-4C0E-95E5-93D5E4523673}.Ad-Hoc|iPhone.ActiveCfg = Ad-Hoc|iPhone
		{F06DBD2C-64AC-4C0E-95E5-93D5E4523673}.Ad-Hoc|iPhone.Build.0 = Ad-Hoc|iPhone
		{F06DBD2C-64AC-4C0E-95E5-93D5E4523673}.Ad-Hoc|iPhoneSimulator.ActiveCfg = Ad-Hoc|iPhoneSimulator
		{F06DBD2C-64AC-4C0E-95E5-93D5E4523673}.Ad-Hoc|iPhoneSimulator.Build.0 = Ad-Hoc|iPhoneSimulator
		{F06DBD2C-64AC-4C0E-95E5-93D5E4523673}.Ad-Hoc|x64.ActiveCfg = Ad-Hoc|iPhone
		{F06DBD2C-64AC-4C0E-95E5-93D5E4523673}.Ad-Hoc|x86.ActiveCfg = Ad-Hoc|iPhone
		{F06DBD2C-64AC-4C0E-95E5-93D5E4523673}.AppStore|Any CPU.ActiveCfg = AppStore|iPhone
		{F06DBD2C-64AC-4C0E-95E5-93D5E4523673}.AppStore|ARM.ActiveCfg = AppStore|iPhone
		{F06DBD2C-64AC-4C0E-95E5-93D5E4523673}.AppStore|iPhone.ActiveCfg = AppStore|iPhone
		{F06DBD2C-64AC-4C0E-95E5-93D5E4523673}.AppStore|iPhone.Build.0 = AppStore|iPhone
		{F06DBD2C-64AC-4C0E-95E5-93D5E4523673}.AppStore|iPhoneSimulator.ActiveCfg = AppStore|iPhoneSimulator
		{F06DBD2C-64AC-4C0E-95E5-93D5E4523673}.AppStore|iPhoneSimulator.Build.0 = AppStore|iPhoneSimulator
		{F06DBD2C-64AC-4C0E-95E5-93D5E4523673}.AppStore|x64.ActiveCfg = AppStore|iPhone
		{F06DBD2C-64AC-4C0E-95E5-93D5E4523673}.AppStore|x86.ActiveCfg = AppStore|iPhone
		{F06DBD2C-64AC-4C0E-95E5-93D5E4523673}.Debug|Any CPU.ActiveCfg = Debug|iPhone
		{F06DBD2C-64AC-4C0E-95E5-93D5E4523673}.Debug|ARM.ActiveCfg = Debug|iPhone
		{F06DBD2C-64AC-4C0E-95E5-93D5E4523673}.Debug|iPhone.ActiveCfg = Debug|iPhone
		{F06DBD2C-64AC-4C0E-95E5-93D5E4523673}.Debug|iPhone.Build.0 = Debug|iPhone
		{F06DBD2C-64AC-4C0E-95E5-93D5E4523673}.Debug|iPhoneSimulator.ActiveCfg = Debug|iPhoneSimulator
		{F06DBD2C-64AC-4C0E-95E5-93D5E4523673}.Debug|iPhoneSimulator.Build.0 = Debug|iPhoneSimulator
		{F06DBD2C-64AC-4C0E-95E5-93D5E4523673}.Debug|x64.ActiveCfg = Debug|iPhone
		{F06DBD2C-64AC-4C0E-95E5-93D5E4523673}.Debug|x86.ActiveCfg = Debug|iPhone
		{F06DBD2C-64AC-4C0E-95E5-93D5E4523673}.Release|Any CPU.ActiveCfg = Release|iPhone
		{F06DBD2C-64AC-4C0E-95E5-93D5E4523673}.Release|ARM.ActiveCfg = Release|iPhone
		{F06DBD2C-64AC-4C0E-95E5-93D5E4523673}.Release|iPhone.ActiveCfg = Release|iPhone
		{F06DBD2C-64AC-4C0E-95E5-93D5E4523673}.Release|iPhone.Build.0 = Release|iPhone
		{F06DBD2C-64AC-4C0E-95E5-93D5E4523673}.Release|iPhoneSimulator.ActiveCfg = Release|iPhoneSimulator
		{F06DBD2C-64AC-4C0E-95E5-93D5E4523673}.Release|iPhoneSimulator.Build.0 = Release|iPhoneSimulator
		{F06DBD2C-64AC-4C0E-95E5-93D5E4523673}.Release|x64.ActiveCfg = Release|iPhone
		{F06DBD2C-64AC-4C0E-95E5-93D5E4523673}.Release|x86.ActiveCfg = Release|iPhone
		{B7D6A819-BF4B-4AF1-9BB9-9B71C9B21B4B}.Ad-Hoc|Any CPU.ActiveCfg = Release|x86
		{B7D6A819-BF4B-4AF1-9BB9-9B71C9B21B4B}.Ad-Hoc|Any CPU.Build.0 = Release|x86
		{B7D6A819-BF4B-4AF1-9BB9-9B71C9B21B4B}.Ad-Hoc|Any CPU.Deploy.0 = Release|x86
		{B7D6A819-BF4B-4AF1-9BB9-9B71C9B21B4B}.Ad-Hoc|ARM.ActiveCfg = Release|ARM
		{B7D6A819-BF4B-4AF1-9BB9-9B71C9B21B4B}.Ad-Hoc|ARM.Build.0 = Release|ARM
		{B7D6A819-BF4B-4AF1-9BB9-9B71C9B21B4B}.Ad-Hoc|ARM.Deploy.0 = Release|ARM
		{B7D6A819-BF4B-4AF1-9BB9-9B71C9B21B4B}.Ad-Hoc|iPhone.ActiveCfg = Release|x86
		{B7D6A819-BF4B-4AF1-9BB9-9B71C9B21B4B}.Ad-Hoc|iPhone.Build.0 = Release|x86
		{B7D6A819-BF4B-4AF1-9BB9-9B71C9B21B4B}.Ad-Hoc|iPhone.Deploy.0 = Release|x86
		{B7D6A819-BF4B-4AF1-9BB9-9B71C9B21B4B}.Ad-Hoc|iPhoneSimulator.ActiveCfg = Release|x86
		{B7D6A819-BF4B-4AF1-9BB9-9B71C9B21B4B}.Ad-Hoc|iPhoneSimulator.Build.0 = Release|x86
		{B7D6A819-BF4B-4AF1-9BB9-9B71C9B21B4B}.Ad-Hoc|iPhoneSimulator.Deploy.0 = Release|x86
		{B7D6A819-BF4B-4AF1-9BB9-9B71C9B21B4B}.Ad-Hoc|x64.ActiveCfg = Release|x64
		{B7D6A819-BF4B-4AF1-9BB9-9B71C9B21B4B}.Ad-Hoc|x64.Build.0 = Release|x64
		{B7D6A819-BF4B-4AF1-9BB9-9B71C9B21B4B}.Ad-Hoc|x64.Deploy.0 = Release|x64
		{B7D6A819-BF4B-4AF1-9BB9-9B71C9B21B4B}.Ad-Hoc|x86.ActiveCfg = Release|x86
		{B7D6A819-BF4B-4AF1-9BB9-9B71C9B21B4B}.Ad-Hoc|x86.Build.0 = Release|x86
		{B7D6A819-BF4B-4AF1-9BB9-9B71C9B21B4B}.Ad-Hoc|x86.Deploy.0 = Release|x86
		{B7D6A819-BF4B-4AF1-9BB9-9B71C9B21B4B}.AppStore|Any CPU.ActiveCfg = Release|x86
		{B7D6A819-BF4B-4AF1-9BB9-9B71C9B21B4B}.AppStore|Any CPU.Build.0 = Release|x86
		{B7D6A819-BF4B-4AF1-9BB9-9B71C9B21B4B}.AppStore|Any CPU.Deploy.0 = Release|x86
		{B7D6A819-BF4B-4AF1-9BB9-9B71C9B21B4B}.AppStore|ARM.ActiveCfg = Release|ARM
		{B7D6A819-BF4B-4AF1-9BB9-9B71C9B21B4B}.AppStore|ARM.Build.0 = Release|ARM
		{B7D6A819-BF4B-4AF1-9BB9-9B71C9B21B4B}.AppStore|ARM.Deploy.0 = Release|ARM
		{B7D6A819-BF4B-4AF1-9BB9-9B71C9B21B4B}.AppStore|iPhone.ActiveCfg = Release|x86
		{B7D6A819-BF4B-4AF1-9BB9-9B71C9B21B4B}.AppStore|iPhone.Build.0 = Release|x86
		{B7D6A819-BF4B-4AF1-9BB9-9B71C9B21B4B}.AppStore|iPhone.Deploy.0 = Release|x86
		{B7D6A819-BF4B-4AF1-9BB9-9B71C9B21B4B}.AppStore|iPhoneSimulator.ActiveCfg = Release|x86
		{B7D6A819-BF4B-4AF1-9BB9-9B71C9B21B4B}.AppStore|iPhoneSimulator.Build.0 = Release|x86
		{B7D6A819-BF4B-4AF1-9BB9-9B71C9B21B4B}.AppStore|iPhoneSimulator.Deploy.0 = Release|x86
		{B7D6A819-BF4B-4AF1-9BB9-9B71C9B21B4B}.AppStore|x64.ActiveCfg = Release|x64
		{B7D6A819-BF4B-4AF1-9BB9-9B71C9B21B4B}.AppStore|x64.Build.0 = Release|x64
		{B7D6A819-BF4B-4AF1-9BB9-9B71C9B21B4B}.AppStore|x64.Deploy.0 = Release|x64
		{B7D6A819-BF4B-4AF1-9BB9-9B71C9B21B4B}.AppStore|x86.ActiveCfg = Release|x86
		{B7D6A819-BF4B-4AF1-9BB9-9B71C9B21B4B}.AppStore|x86.Build.0 = Release|x86
		{B7D6A819-BF4B-4AF1-9BB9-9B71C9B21B4B}.AppStore|x86.Deploy.0 = Release|x86
		{B7D6A819-BF4B-4AF1-9BB9-9B71C9B21B4B}.Debug|Any CPU.ActiveCfg = Debug|x86
		{B7D6A819-BF4B-4AF1-9BB9-9B71C9B21B4B}.Debug|ARM.ActiveCfg = Debug|ARM
		{B7D6A819-BF4B-4AF1-9BB9-9B71C9B21B4B}.Debug|ARM.Build.0 = Debug|ARM
		{B7D6A819-BF4B-4AF1-9BB9-9B71C9B21B4B}.Debug|ARM.Deploy.0 = Debug|ARM
		{B7D6A819-BF4B-4AF1-9BB9-9B71C9B21B4B}.Debug|iPhone.ActiveCfg = Debug|x86
		{B7D6A819-BF4B-4AF1-9BB9-9B71C9B21B4B}.Debug|iPhoneSimulator.ActiveCfg = Debug|x86
		{B7D6A819-BF4B-4AF1-9BB9-9B71C9B21B4B}.Debug|x64.ActiveCfg = Debug|x64
		{B7D6A819-BF4B-4AF1-9BB9-9B71C9B21B4B}.Debug|x64.Build.0 = Debug|x64
		{B7D6A819-BF4B-4AF1-9BB9-9B71C9B21B4B}.Debug|x64.Deploy.0 = Debug|x64
		{B7D6A819-BF4B-4AF1-9BB9-9B71C9B21B4B}.Debug|x86.ActiveCfg = Debug|x86
		{B7D6A819-BF4B-4AF1-9BB9-9B71C9B21B4B}.Debug|x86.Build.0 = Debug|x86
		{B7D6A819-BF4B-4AF1-9BB9-9B71C9B21B4B}.Debug|x86.Deploy.0 = Debug|x86
		{B7D6A819-BF4B-4AF1-9BB9-9B71C9B21B4B}.Release|Any CPU.ActiveCfg = Release|x86
		{B7D6A819-BF4B-4AF1-9BB9-9B71C9B21B4B}.Release|ARM.ActiveCfg = Release|ARM
		{B7D6A819-BF4B-4AF1-9BB9-9B71C9B21B4B}.Release|ARM.Build.0 = Release|ARM
		{B7D6A819-BF4B-4AF1-9BB9-9B71C9B21B4B}.Release|ARM.Deploy.0 = Release|ARM
		{B7D6A819-BF4B-4AF1-9BB9-9B71C9B21B4B}.Release|iPhone.ActiveCfg = Release|x86
		{B7D6A819-BF4B-4AF1-9BB9-9B71C9B21B4B}.Release|iPhoneSimulator.ActiveCfg = Release|x86
		{B7D6A819-BF4B-4AF1-9BB9-9B71C9B21B4B}.Release|x64.ActiveCfg = Release|x64
		{B7D6A819-BF4B-4AF1-9BB9-9B71C9B21B4B}.Release|x64.Build.0 = Release|x64
		{B7D6A819-BF4B-4AF1-9BB9-9B71C9B21B4B}.Release|x64.Deploy.0 = Release|x64
		{B7D6A819-BF4B-4AF1-9BB9-9B71C9B21B4B}.Release|x86.ActiveCfg = Release|x86
		{B7D6A819-BF4B-4AF1-9BB9-9B71C9B21B4B}.Release|x86.Build.0 = Release|x86
		{B7D6A819-BF4B-4AF1-9BB9-9B71C9B21B4B}.Release|x86.Deploy.0 = Release|x86
		{1ACC8627-C6F4-4B1D-955D-42080C7BE997}.Ad-Hoc|Any CPU.ActiveCfg = Debug|Any CPU
		{1ACC8627-C6F4-4B1D-955D-42080C7BE997}.Ad-Hoc|Any CPU.Build.0 = Debug|Any CPU
		{1ACC8627-C6F4-4B1D-955D-42080C7BE997}.Ad-Hoc|ARM.ActiveCfg = Debug|Any CPU
		{1ACC8627-C6F4-4B1D-955D-42080C7BE997}.Ad-Hoc|ARM.Build.0 = Debug|Any CPU
		{1ACC8627-C6F4-4B1D-955D-42080C7BE997}.Ad-Hoc|iPhone.ActiveCfg = Debug|Any CPU
		{1ACC8627-C6F4-4B1D-955D-42080C7BE997}.Ad-Hoc|iPhone.Build.0 = Debug|Any CPU
		{1ACC8627-C6F4-4B1D-955D-42080C7BE997}.Ad-Hoc|iPhoneSimulator.ActiveCfg = Debug|Any CPU
		{1ACC8627-C6F4-4B1D-955D-42080C7BE997}.Ad-Hoc|iPhoneSimulator.Build.0 = Debug|Any CPU
		{1ACC8627-C6F4-4B1D-955D-42080C7BE997}.Ad-Hoc|x64.ActiveCfg = Debug|Any CPU
		{1ACC8627-C6F4-4B1D-955D-42080C7BE997}.Ad-Hoc|x64.Build.0 = Debug|Any CPU
		{1ACC8627-C6F4-4B1D-955D-42080C7BE997}.Ad-Hoc|x86.ActiveCfg = Debug|Any CPU
		{1ACC8627-C6F4-4B1D-955D-42080C7BE997}.Ad-Hoc|x86.Build.0 = Debug|Any CPU
		{1ACC8627-C6F4-4B1D-955D-42080C7BE997}.AppStore|Any CPU.ActiveCfg = Debug|Any CPU
		{1ACC8627-C6F4-4B1D-955D-42080C7BE997}.AppStore|Any CPU.Build.0 = Debug|Any CPU
		{1ACC8627-C6F4-4B1D-955D-42080C7BE997}.AppStore|ARM.ActiveCfg = Debug|Any CPU
		{1ACC8627-C6F4-4B1D-955D-42080C7BE997}.AppStore|ARM.Build.0 = Debug|Any CPU
		{1ACC8627-C6F4-4B1D-955D-42080C7BE997}.AppStore|iPhone.ActiveCfg = Debug|Any CPU
		{1ACC8627-C6F4-4B1D-955D-42080C7BE997}.AppStore|iPhone.Build.0 = Debug|Any CPU
		{1ACC8627-C6F4-4B1D-955D-42080C7BE997}.AppStore|iPhoneSimulator.ActiveCfg = Debug|Any CPU
		{1ACC8627-C6F4-4B1D-955D-42080C7BE997}.AppStore|iPhoneSimulator.Build.0 = Debug|Any CPU
		{1ACC8627-C6F4-4B1D-955D-42080C7BE997}.AppStore|x64.ActiveCfg = Debug|Any CPU
		{1ACC8627-C6F4-4B1D-955D-42080C7BE997}.AppStore|x64.Build.0 = Debug|Any CPU
		{1ACC8627-C6F4-4B1D-955D-42080C7BE997}.AppStore|x86.ActiveCfg = Debug|Any CPU
		{1ACC8627-C6F4-4B1D-955D-42080C7BE997}.AppStore|x86.Build.0 = Debug|Any CPU
		{1ACC8627-C6F4-4B1D-955D-42080C7BE997}.Debug|Any CPU.ActiveCfg = Debug|Any CPU
		{1ACC8627-C6F4-4B1D-955D-42080C7BE997}.Debug|Any CPU.Build.0 = Debug|Any CPU
		{1ACC8627-C6F4-4B1D-955D-42080C7BE997}.Debug|ARM.ActiveCfg = Debug|Any CPU
		{1ACC8627-C6F4-4B1D-955D-42080C7BE997}.Debug|ARM.Build.0 = Debug|Any CPU
		{1ACC8627-C6F4-4B1D-955D-42080C7BE997}.Debug|iPhone.ActiveCfg = Debug|Any CPU
		{1ACC8627-C6F4-4B1D-955D-42080C7BE997}.Debug|iPhone.Build.0 = Debug|Any CPU
		{1ACC8627-C6F4-4B1D-955D-42080C7BE997}.Debug|iPhoneSimulator.ActiveCfg = Debug|Any CPU
		{1ACC8627-C6F4-4B1D-955D-42080C7BE997}.Debug|iPhoneSimulator.Build.0 = Debug|Any CPU
		{1ACC8627-C6F4-4B1D-955D-42080C7BE997}.Debug|x64.ActiveCfg = Debug|Any CPU
		{1ACC8627-C6F4-4B1D-955D-42080C7BE997}.Debug|x64.Build.0 = Debug|Any CPU
		{1ACC8627-C6F4-4B1D-955D-42080C7BE997}.Debug|x86.ActiveCfg = Debug|Any CPU
		{1ACC8627-C6F4-4B1D-955D-42080C7BE997}.Debug|x86.Build.0 = Debug|Any CPU
		{1ACC8627-C6F4-4B1D-955D-42080C7BE997}.Release|Any CPU.ActiveCfg = Release|Any CPU
		{1ACC8627-C6F4-4B1D-955D-42080C7BE997}.Release|Any CPU.Build.0 = Release|Any CPU
		{1ACC8627-C6F4-4B1D-955D-42080C7BE997}.Release|ARM.ActiveCfg = Release|Any CPU
		{1ACC8627-C6F4-4B1D-955D-42080C7BE997}.Release|ARM.Build.0 = Release|Any CPU
		{1ACC8627-C6F4-4B1D-955D-42080C7BE997}.Release|iPhone.ActiveCfg = Release|Any CPU
		{1ACC8627-C6F4-4B1D-955D-42080C7BE997}.Release|iPhone.Build.0 = Release|Any CPU
		{1ACC8627-C6F4-4B1D-955D-42080C7BE997}.Release|iPhoneSimulator.ActiveCfg = Release|Any CPU
		{1ACC8627-C6F4-4B1D-955D-42080C7BE997}.Release|iPhoneSimulator.Build.0 = Release|Any CPU
		{1ACC8627-C6F4-4B1D-955D-42080C7BE997}.Release|x64.ActiveCfg = Release|Any CPU
		{1ACC8627-C6F4-4B1D-955D-42080C7BE997}.Release|x64.Build.0 = Release|Any CPU
		{1ACC8627-C6F4-4B1D-955D-42080C7BE997}.Release|x86.ActiveCfg = Release|Any CPU
		{1ACC8627-C6F4-4B1D-955D-42080C7BE997}.Release|x86.Build.0 = Release|Any CPU
	EndGlobalSection
	GlobalSection(SolutionProperties) = preSolution
		HideSolutionNode = FALSE
	EndGlobalSection
	GlobalSection(ExtensibilityGlobals) = postSolution
		SolutionGuid = {05D50DA8-3346-4A41-85B2-CCFC597F3FB1}
	EndGlobalSection
EndGlobal
